
Microsoft Visual Studio Solution File, Format Version 12.00
Project("{FAE04EC0-301F-11D3-BF4B-00C04F79EFBC}") = "Albion Data Tool", "Albion Data Tool\Albion Data Tool.csproj", "{A548D7D4-1587-40E3-BE83-E9ABE164C8D3}"
EndProject
Global
	GlobalSection(SolutionConfigurationPlatforms) = preSolution
		Debug|Any CPU = Debug|Any CPU
		Release|Any CPU = Release|Any CPU
	EndGlobalSection
	GlobalSection(ProjectConfigurationPlatforms) = postSolution
		{A548D7D4-1587-40E3-BE83-E9ABE164C8D3}.Debug|Any CPU.ActiveCfg = Debug|Any CPU
		{A548D7D4-1587-40E3-BE83-E9ABE164C8D3}.Debug|Any CPU.Build.0 = Debug|Any CPU
		{A548D7D4-1587-40E3-BE83-E9ABE164C8D3}.Release|Any CPU.ActiveCfg = Release|Any CPU
		{A548D7D4-1587-40E3-BE83-E9ABE164C8D3}.Release|Any CPU.Build.0 = Release|Any CPU
	EndGlobalSection
EndGlobal
